// !$*UTF8*$!
{
	archiveVersion = 1;
	classes = {
	};
	objectVersion = 46;
	objects = {

/* Begin PBXBuildFile section */
		B09503011BC97F6D0074C6D6 /* AppDelegate.swift in Sources */ = {isa = PBXBuildFile; fileRef = B09503001BC97F6D0074C6D6 /* AppDelegate.swift */; };
		B09503061BC97F6D0074C6D6 /* Main.storyboard in Resources */ = {isa = PBXBuildFile; fileRef = B09503041BC97F6D0074C6D6 /* Main.storyboard */; };
		B095030B1BC97F6D0074C6D6 /* Assets.xcassets in Resources */ = {isa = PBXBuildFile; fileRef = B095030A1BC97F6D0074C6D6 /* Assets.xcassets */; };
		B095030E1BC97F6D0074C6D6 /* LaunchScreen.storyboard in Resources */ = {isa = PBXBuildFile; fileRef = B095030C1BC97F6D0074C6D6 /* LaunchScreen.storyboard */; };
		B09503191BC97F6D0074C6D6 /* Waka_WorkoutTests.swift in Sources */ = {isa = PBXBuildFile; fileRef = B09503181BC97F6D0074C6D6 /* Waka_WorkoutTests.swift */; };
		B09503241BC97F6E0074C6D6 /* Waka_WorkoutUITests.swift in Sources */ = {isa = PBXBuildFile; fileRef = B09503231BC97F6E0074C6D6 /* Waka_WorkoutUITests.swift */; };
/* End PBXBuildFile section */

/* Begin PBXContainerItemProxy section */
		B09503151BC97F6D0074C6D6 /* PBXContainerItemProxy */ = {
			isa = PBXContainerItemProxy;
			containerPortal = B09502F51BC97F6D0074C6D6 /* Project object */;
			proxyType = 1;
			remoteGlobalIDString = B09502FC1BC97F6D0074C6D6;
			remoteInfo = "Waka Workout";
		};
		B09503201BC97F6E0074C6D6 /* PBXContainerItemProxy */ = {
			isa = PBXContainerItemProxy;
			containerPortal = B09502F51BC97F6D0074C6D6 /* Project object */;
			proxyType = 1;
			remoteGlobalIDString = B09502FC1BC97F6D0074C6D6;
			remoteInfo = "Waka Workout";
		};
/* End PBXContainerItemProxy section */

/* Begin PBXFileReference section */
		B09502FD1BC97F6D0074C6D6 /* Waka Workout.app */ = {isa = PBXFileReference; explicitFileType = wrapper.application; includeInIndex = 0; path = "Waka Workout.app"; sourceTree = BUILT_PRODUCTS_DIR; };
		B09503001BC97F6D0074C6D6 /* AppDelegate.swift */ = {isa = PBXFileReference; lastKnownFileType = sourcecode.swift; path = AppDelegate.swift; sourceTree = "<group>"; };
		B09503051BC97F6D0074C6D6 /* Base */ = {isa = PBXFileReference; lastKnownFileType = file.storyboard; name = Base; path = Base.lproj/Main.storyboard; sourceTree = "<group>"; };
		B095030A1BC97F6D0074C6D6 /* Assets.xcassets */ = {isa = PBXFileReference; lastKnownFileType = folder.assetcatalog; path = Assets.xcassets; sourceTree = "<group>"; };
		B095030D1BC97F6D0074C6D6 /* Base */ = {isa = PBXFileReference; lastKnownFileType = file.storyboard; name = Base; path = Base.lproj/LaunchScreen.storyboard; sourceTree = "<group>"; };
		B095030F1BC97F6D0074C6D6 /* Info.plist */ = {isa = PBXFileReference; lastKnownFileType = text.plist.xml; path = Info.plist; sourceTree = "<group>"; };
		B09503141BC97F6D0074C6D6 /* Waka WorkoutTests.xctest */ = {isa = PBXFileReference; explicitFileType = wrapper.cfbundle; includeInIndex = 0; path = "Waka WorkoutTests.xctest"; sourceTree = BUILT_PRODUCTS_DIR; };
		B09503181BC97F6D0074C6D6 /* Waka_WorkoutTests.swift */ = {isa = PBXFileReference; lastKnownFileType = sourcecode.swift; path = Waka_WorkoutTests.swift; sourceTree = "<group>"; };
		B095031A1BC97F6D0074C6D6 /* Info.plist */ = {isa = PBXFileReference; lastKnownFileType = text.plist.xml; path = Info.plist; sourceTree = "<group>"; };
		B095031F1BC97F6E0074C6D6 /* Waka WorkoutUITests.xctest */ = {isa = PBXFileReference; explicitFileType = wrapper.cfbundle; includeInIndex = 0; path = "Waka WorkoutUITests.xctest"; sourceTree = BUILT_PRODUCTS_DIR; };
		B09503231BC97F6E0074C6D6 /* Waka_WorkoutUITests.swift */ = {isa = PBXFileReference; lastKnownFileType = sourcecode.swift; path = Waka_WorkoutUITests.swift; sourceTree = "<group>"; };
		B09503251BC97F6E0074C6D6 /* Info.plist */ = {isa = PBXFileReference; lastKnownFileType = text.plist.xml; path = Info.plist; sourceTree = "<group>"; };
/* End PBXFileReference section */

/* Begin PBXFrameworksBuildPhase section */
		B09502FA1BC97F6D0074C6D6 /* Frameworks */ = {
			isa = PBXFrameworksBuildPhase;
			buildActionMask = 2147483647;
			files = (
			);
			runOnlyForDeploymentPostprocessing = 0;
		};
		B09503111BC97F6D0074C6D6 /* Frameworks */ = {
			isa = PBXFrameworksBuildPhase;
			buildActionMask = 2147483647;
			files = (
			);
			runOnlyForDeploymentPostprocessing = 0;
		};
		B095031C1BC97F6E0074C6D6 /* Frameworks */ = {
			isa = PBXFrameworksBuildPhase;
			buildActionMask = 2147483647;
			files = (
			);
			runOnlyForDeploymentPostprocessing = 0;
		};
/* End PBXFrameworksBuildPhase section */

/* Begin PBXGroup section */
		B09502F41BC97F6D0074C6D6 = {
			isa = PBXGroup;
			children = (
				B09502FF1BC97F6D0074C6D6 /* Waka Workout */,
				B09503171BC97F6D0074C6D6 /* Waka WorkoutTests */,
				B09503221BC97F6E0074C6D6 /* Waka WorkoutUITests */,
				B09502FE1BC97F6D0074C6D6 /* Products */,
			);
			sourceTree = "<group>";
		};
		B09502FE1BC97F6D0074C6D6 /* Products */ = {
			isa = PBXGroup;
			children = (
				B09502FD1BC97F6D0074C6D6 /* Waka Workout.app */,
				B09503141BC97F6D0074C6D6 /* Waka WorkoutTests.xctest */,
				B095031F1BC97F6E0074C6D6 /* Waka WorkoutUITests.xctest */,
			);
			name = Products;
			sourceTree = "<group>";
		};
		B09502FF1BC97F6D0074C6D6 /* Waka Workout */ = {
			isa = PBXGroup;
			children = (
				B09503001BC97F6D0074C6D6 /* AppDelegate.swift */,
				B09503041BC97F6D0074C6D6 /* Main.storyboard */,
				B095030A1BC97F6D0074C6D6 /* Assets.xcassets */,
				B095030C1BC97F6D0074C6D6 /* LaunchScreen.storyboard */,
				B095030F1BC97F6D0074C6D6 /* Info.plist */,
			);
			path = "Waka Workout";
			sourceTree = "<group>";
		};
		B09503171BC97F6D0074C6D6 /* Waka WorkoutTests */ = {
			isa = PBXGroup;
			children = (
				B09503181BC97F6D0074C6D6 /* Waka_WorkoutTests.swift */,
				B095031A1BC97F6D0074C6D6 /* Info.plist */,
			);
			path = "Waka WorkoutTests";
			sourceTree = "<group>";
		};
		B09503221BC97F6E0074C6D6 /* Waka WorkoutUITests */ = {
			isa = PBXGroup;
			children = (
				B09503231BC97F6E0074C6D6 /* Waka_WorkoutUITests.swift */,
				B09503251BC97F6E0074C6D6 /* Info.plist */,
			);
			path = "Waka WorkoutUITests";
			sourceTree = "<group>";
		};
/* End PBXGroup section */

/* Begin PBXNativeTarget section */
		B09502FC1BC97F6D0074C6D6 /* Waka Workout */ = {
			isa = PBXNativeTarget;
			buildConfigurationList = B09503281BC97F6E0074C6D6 /* Build configuration list for PBXNativeTarget "Waka Workout" */;
			buildPhases = (
				B09502F91BC97F6D0074C6D6 /* Sources */,
				B09502FA1BC97F6D0074C6D6 /* Frameworks */,
				B09502FB1BC97F6D0074C6D6 /* Resources */,
			);
			buildRules = (
			);
			dependencies = (
			);
			name = "Waka Workout";
			productName = "Waka Workout";
			productReference = B09502FD1BC97F6D0074C6D6 /* Waka Workout.app */;
			productType = "com.apple.product-type.application";
		};
		B09503131BC97F6D0074C6D6 /* Waka WorkoutTests */ = {
			isa = PBXNativeTarget;
			buildConfigurationList = B095032B1BC97F6E0074C6D6 /* Build configuration list for PBXNativeTarget "Waka WorkoutTests" */;
			buildPhases = (
				B09503101BC97F6D0074C6D6 /* Sources */,
				B09503111BC97F6D0074C6D6 /* Frameworks */,
				B09503121BC97F6D0074C6D6 /* Resources */,
			);
			buildRules = (
			);
			dependencies = (
				B09503161BC97F6D0074C6D6 /* PBXTargetDependency */,
			);
			name = "Waka WorkoutTests";
			productName = "Waka WorkoutTests";
			productReference = B09503141BC97F6D0074C6D6 /* Waka WorkoutTests.xctest */;
			productType = "com.apple.product-type.bundle.unit-test";
		};
		B095031E1BC97F6E0074C6D6 /* Waka WorkoutUITests */ = {
			isa = PBXNativeTarget;
			buildConfigurationList = B095032E1BC97F6E0074C6D6 /* Build configuration list for PBXNativeTarget "Waka WorkoutUITests" */;
			buildPhases = (
				B095031B1BC97F6E0074C6D6 /* Sources */,
				B095031C1BC97F6E0074C6D6 /* Frameworks */,
				B095031D1BC97F6E0074C6D6 /* Resources */,
			);
			buildRules = (
			);
			dependencies = (
				B09503211BC97F6E0074C6D6 /* PBXTargetDependency */,
			);
			name = "Waka WorkoutUITests";
			productName = "Waka WorkoutUITests";
			productReference = B095031F1BC97F6E0074C6D6 /* Waka WorkoutUITests.xctest */;
			productType = "com.apple.product-type.bundle.ui-testing";
		};
/* End PBXNativeTarget section */

/* Begin PBXProject section */
		B09502F51BC97F6D0074C6D6 /* Project object */ = {
			isa = PBXProject;
			attributes = {
				LastUpgradeCheck = 0700;
				ORGANIZATIONNAME = "DJ Squad";
				TargetAttributes = {
					B09502FC1BC97F6D0074C6D6 = {
						CreatedOnToolsVersion = 7.0.1;
					};
					B09503131BC97F6D0074C6D6 = {
						CreatedOnToolsVersion = 7.0.1;
						TestTargetID = B09502FC1BC97F6D0074C6D6;
					};
					B095031E1BC97F6E0074C6D6 = {
						CreatedOnToolsVersion = 7.0.1;
						TestTargetID = B09502FC1BC97F6D0074C6D6;
					};
				};
			};
			buildConfigurationList = B09502F81BC97F6D0074C6D6 /* Build configuration list for PBXProject "Waka Workout" */;
			compatibilityVersion = "Xcode 3.2";
			developmentRegion = English;
			hasScannedForEncodings = 0;
			knownRegions = (
				en,
				Base,
			);
			mainGroup = B09502F41BC97F6D0074C6D6;
			productRefGroup = B09502FE1BC97F6D0074C6D6 /* Products */;
			projectDirPath = "";
			projectRoot = "";
			targets = (
				B09502FC1BC97F6D0074C6D6 /* Waka Workout */,
				B09503131BC97F6D0074C6D6 /* Waka WorkoutTests */,
				B095031E1BC97F6E0074C6D6 /* Waka WorkoutUITests */,
			);
		};
/* End PBXProject section */

/* Begin PBXResourcesBuildPhase section */
		B09502FB1BC97F6D0074C6D6 /* Resources */ = {
			isa = PBXResourcesBuildPhase;
			buildActionMask = 2147483647;
			files = (
				B095030E1BC97F6D0074C6D6 /* LaunchScreen.storyboard in Resources */,
				B095030B1BC97F6D0074C6D6 /* Assets.xcassets in Resources */,
				B09503061BC97F6D0074C6D6 /* Main.storyboard in Resources */,
			);
			runOnlyForDeploymentPostprocessing = 0;
		};
		B09503121BC97F6D0074C6D6 /* Resources */ = {
			isa = PBXResourcesBuildPhase;
			buildActionMask = 2147483647;
			files = (
			);
			runOnlyForDeploymentPostprocessing = 0;
		};
		B095031D1BC97F6E0074C6D6 /* Resources */ = {
			isa = PBXResourcesBuildPhase;
			buildActionMask = 2147483647;
			files = (
			);
			runOnlyForDeploymentPostprocessing = 0;
		};
/* End PBXResourcesBuildPhase section */

/* Begin PBXSourcesBuildPhase section */
		B09502F91BC97F6D0074C6D6 /* Sources */ = {
			isa = PBXSourcesBuildPhase;
			buildActionMask = 2147483647;
			files = (
				B09503011BC97F6D0074C6D6 /* AppDelegate.swift in Sources */,
			);
			runOnlyForDeploymentPostprocessing = 0;
		};
		B09503101BC97F6D0074C6D6 /* Sources */ = {
			isa = PBXSourcesBuildPhase;
			buildActionMask = 2147483647;
			files = (
				B09503191BC97F6D0074C6D6 /* Waka_WorkoutTests.swift in Sources */,
			);
			runOnlyForDeploymentPostprocessing = 0;
		};
		B095031B1BC97F6E0074C6D6 /* Sources */ = {
			isa = PBXSourcesBuildPhase;
			buildActionMask = 2147483647;
			files = (
				B09503241BC97F6E0074C6D6 /* Waka_WorkoutUITests.swift in Sources */,
			);
			runOnlyForDeploymentPostprocessing = 0;
		};
/* End PBXSourcesBuildPhase section */

/* Begin PBXTargetDependency section */
		B09503161BC97F6D0074C6D6 /* PBXTargetDependency */ = {
			isa = PBXTargetDependency;
			target = B09502FC1BC97F6D0074C6D6 /* Waka Workout */;
			targetProxy = B09503151BC97F6D0074C6D6 /* PBXContainerItemProxy */;
		};
		B09503211BC97F6E0074C6D6 /* PBXTargetDependency */ = {
			isa = PBXTargetDependency;
			target = B09502FC1BC97F6D0074C6D6 /* Waka Workout */;
			targetProxy = B09503201BC97F6E0074C6D6 /* PBXContainerItemProxy */;
		};
/* End PBXTargetDependency section */

/* Begin PBXVariantGroup section */
		B09503041BC97F6D0074C6D6 /* Main.storyboard */ = {
			isa = PBXVariantGroup;
			children = (
				B09503051BC97F6D0074C6D6 /* Base */,
			);
			name = Main.storyboard;
			sourceTree = "<group>";
		};
		B095030C1BC97F6D0074C6D6 /* LaunchScreen.storyboard */ = {
			isa = PBXVariantGroup;
			children = (
				B095030D1BC97F6D0074C6D6 /* Base */,
			);
			name = LaunchScreen.storyboard;
			sourceTree = "<group>";
		};
/* End PBXVariantGroup section */

/* Begin XCBuildConfiguration section */
		B09503261BC97F6E0074C6D6 /* Debug */ = {
			isa = XCBuildConfiguration;
			buildSettings = {
				ALWAYS_SEARCH_USER_PATHS = NO;
				CLANG_CXX_LANGUAGE_STANDARD = "gnu++0x";
				CLANG_CXX_LIBRARY = "libc++";
				CLANG_ENABLE_MODULES = YES;
				CLANG_ENABLE_OBJC_ARC = YES;
				CLANG_WARN_BOOL_CONVERSION = YES;
				CLANG_WARN_CONSTANT_CONVERSION = YES;
				CLANG_WARN_DIRECT_OBJC_ISA_USAGE = YES_ERROR;
				CLANG_WARN_EMPTY_BODY = YES;
				CLANG_WARN_ENUM_CONVERSION = YES;
				CLANG_WARN_INT_CONVERSION = YES;
				CLANG_WARN_OBJC_ROOT_CLASS = YES_ERROR;
				CLANG_WARN_UNREACHABLE_CODE = YES;
				CLANG_WARN__DUPLICATE_METHOD_MATCH = YES;
				"CODE_SIGN_IDENTITY[sdk=iphoneos*]" = "iPhone Developer";
				COPY_PHASE_STRIP = NO;
				DEBUG_INFORMATION_FORMAT = dwarf;
				ENABLE_STRICT_OBJC_MSGSEND = YES;
				ENABLE_TESTABILITY = YES;
				GCC_C_LANGUAGE_STANDARD = gnu99;
				GCC_DYNAMIC_NO_PIC = NO;
				GCC_NO_COMMON_BLOCKS = YES;
				GCC_OPTIMIZATION_LEVEL = 0;
				GCC_PREPROCESSOR_DEFINITIONS = (
					"DEBUG=1",
					"$(inherited)",
				);
				GCC_WARN_64_TO_32_BIT_CONVERSION = YES;
				GCC_WARN_ABOUT_RETURN_TYPE = YES_ERROR;
				GCC_WARN_UNDECLARED_SELECTOR = YES;
				GCC_WARN_UNINITIALIZED_AUTOS = YES_AGGRESSIVE;
				GCC_WARN_UNUSED_FUNCTION = YES;
				GCC_WARN_UNUSED_VARIABLE = YES;
				IPHONEOS_DEPLOYMENT_TARGET = 9.0;
				MTL_ENABLE_DEBUG_INFO = YES;
				ONLY_ACTIVE_ARCH = YES;
				SDKROOT = iphoneos;
				SWIFT_OPTIMIZATION_LEVEL = "-Onone";
			};
			name = Debug;
		};
		B09503271BC97F6E0074C6D6 /* Release */ = {
			isa = XCBuildConfiguration;
			buildSettings = {
				ALWAYS_SEARCH_USER_PATHS = NO;
				CLANG_CXX_LANGUAGE_STANDARD = "gnu++0x";
				CLANG_CXX_LIBRARY = "libc++";
				CLANG_ENABLE_MODULES = YES;
				CLANG_ENABLE_OBJC_ARC = YES;
				CLANG_WARN_BOOL_CONVERSION = YES;
				CLANG_WARN_CONSTANT_CONVERSION = YES;
				CLANG_WARN_DIRECT_OBJC_ISA_USAGE = YES_ERROR;
				CLANG_WARN_EMPTY_BODY = YES;
				CLANG_WARN_ENUM_CONVERSION = YES;
				CLANG_WARN_INT_CONVERSION = YES;
				CLANG_WARN_OBJC_ROOT_CLASS = YES_ERROR;
				CLANG_WARN_UNREACHABLE_CODE = YES;
				CLANG_WARN__DUPLICATE_METHOD_MATCH = YES;
				"CODE_SIGN_IDENTITY[sdk=iphoneos*]" = "iPhone Developer";
				COPY_PHASE_STRIP = NO;
				DEBUG_INFORMATION_FORMAT = "dwarf-with-dsym";
				ENABLE_NS_ASSERTIONS = NO;
				ENABLE_STRICT_OBJC_MSGSEND = YES;
				GCC_C_LANGUAGE_STANDARD = gnu99;
				GCC_NO_COMMON_BLOCKS = YES;
				GCC_WARN_64_TO_32_BIT_CONVERSION = YES;
				GCC_WARN_ABOUT_RETURN_TYPE = YES_ERROR;
				GCC_WARN_UNDECLARED_SELECTOR = YES;
				GCC_WARN_UNINITIALIZED_AUTOS = YES_AGGRESSIVE;
				GCC_WARN_UNUSED_FUNCTION = YES;
				GCC_WARN_UNUSED_VARIABLE = YES;
				IPHONEOS_DEPLOYMENT_TARGET = 9.0;
				MTL_ENABLE_DEBUG_INFO = NO;
				SDKROOT = iphoneos;
				VALIDATE_PRODUCT = YES;
			};
			name = Release;
		};
		B09503291BC97F6E0074C6D6 /* Debug */ = {
			isa = XCBuildConfiguration;
			buildSettings = {
				ASSETCATALOG_COMPILER_APPICON_NAME = AppIcon;
				INFOPLIST_FILE = "Waka Workout/Info.plist";
				LD_RUNPATH_SEARCH_PATHS = "$(inherited) @executable_path/Frameworks";
				PRODUCT_BUNDLE_IDENTIFIER = "Steven.Waka-Workout";
				PRODUCT_NAME = "$(TARGET_NAME)";
			};
			name = Debug;
		};
		B095032A1BC97F6E0074C6D6 /* Release */ = {
			isa = XCBuildConfiguration;
			buildSettings = {
				ASSETCATALOG_COMPILER_APPICON_NAME = AppIcon;
				INFOPLIST_FILE = "Waka Workout/Info.plist";
				LD_RUNPATH_SEARCH_PATHS = "$(inherited) @executable_path/Frameworks";
				PRODUCT_BUNDLE_IDENTIFIER = "Steven.Waka-Workout";
				PRODUCT_NAME = "$(TARGET_NAME)";
			};
			name = Release;
		};
		B095032C1BC97F6E0074C6D6 /* Debug */ = {
			isa = XCBuildConfiguration;
			buildSettings = {
				BUNDLE_LOADER = "$(TEST_HOST)";
				INFOPLIST_FILE = "Waka WorkoutTests/Info.plist";
				LD_RUNPATH_SEARCH_PATHS = "$(inherited) @executable_path/Frameworks @loader_path/Frameworks";
				PRODUCT_BUNDLE_IDENTIFIER = "Steven.Waka-WorkoutTests";
				PRODUCT_NAME = "$(TARGET_NAME)";
				TEST_HOST = "$(BUILT_PRODUCTS_DIR)/Waka Workout.app/Waka Workout";
			};
			name = Debug;
		};
		B095032D1BC97F6E0074C6D6 /* Release */ = {
			isa = XCBuildConfiguration;
			buildSettings = {
				BUNDLE_LOADER = "$(TEST_HOST)";
				INFOPLIST_FILE = "Waka WorkoutTests/Info.plist";
				LD_RUNPATH_SEARCH_PATHS = "$(inherited) @executable_path/Frameworks @loader_path/Frameworks";
				PRODUCT_BUNDLE_IDENTIFIER = "Steven.Waka-WorkoutTests";
				PRODUCT_NAME = "$(TARGET_NAME)";
				TEST_HOST = "$(BUILT_PRODUCTS_DIR)/Waka Workout.app/Waka Workout";
			};
			name = Release;
		};
		B095032F1BC97F6E0074C6D6 /* Debug */ = {
			isa = XCBuildConfiguration;
			buildSettings = {
				INFOPLIST_FILE = "Waka WorkoutUITests/Info.plist";
				LD_RUNPATH_SEARCH_PATHS = "$(inherited) @executable_path/Frameworks @loader_path/Frameworks";
				PRODUCT_BUNDLE_IDENTIFIER = "Steven.Waka-WorkoutUITests";
				PRODUCT_NAME = "$(TARGET_NAME)";
				TEST_TARGET_NAME = "Waka Workout";
				USES_XCTRUNNER = YES;
			};
			name = Debug;
		};
		B09503301BC97F6E0074C6D6 /* Release */ = {
			isa = XCBuildConfiguration;
			buildSettings = {
				INFOPLIST_FILE = "Waka WorkoutUITests/Info.plist";
				LD_RUNPATH_SEARCH_PATHS = "$(inherited) @executable_path/Frameworks @loader_path/Frameworks";
				PRODUCT_BUNDLE_IDENTIFIER = "Steven.Waka-WorkoutUITests";
				PRODUCT_NAME = "$(TARGET_NAME)";
				TEST_TARGET_NAME = "Waka Workout";
				USES_XCTRUNNER = YES;
			};
			name = Release;
		};
/* End XCBuildConfiguration section */

/* Begin XCConfigurationList section */
		B09502F81BC97F6D0074C6D6 /* Build configuration list for PBXProject "Waka Workout" */ = {
			isa = XCConfigurationList;
			buildConfigurations = (
				B09503261BC97F6E0074C6D6 /* Debug */,
				B09503271BC97F6E0074C6D6 /* Release */,
			);
			defaultConfigurationIsVisible = 0;
			defaultConfigurationName = Release;
		};
		B09503281BC97F6E0074C6D6 /* Build configuration list for PBXNativeTarget "Waka Workout" */ = {
			isa = XCConfigurationList;
			buildConfigurations = (
				B09503291BC97F6E0074C6D6 /* Debug */,
				B095032A1BC97F6E0074C6D6 /* Release */,
			);
			defaultConfigurationIsVisible = 0;
		};
		B095032B1BC97F6E0074C6D6 /* Build configuration list for PBXNativeTarget "Waka WorkoutTests" */ = {
			isa = XCConfigurationList;
			buildConfigurations = (
				B095032C1BC97F6E0074C6D6 /* Debug */,
				B095032D1BC97F6E0074C6D6 /* Release */,
			);
			defaultConfigurationIsVisible = 0;
		};
		B095032E1BC97F6E0074C6D6 /* Build configuration list for PBXNativeTarget "Waka WorkoutUITests" */ = {
			isa = XCConfigurationList;
			buildConfigurations = (
				B095032F1BC97F6E0074C6D6 /* Debug */,
				B09503301BC97F6E0074C6D6 /* Release */,
			);
			defaultConfigurationIsVisible = 0;
		};
/* End XCConfigurationList section */
	};
	rootObject = B09502F51BC97F6D0074C6D6 /* Project object */;
}
